
Microsoft Visual Studio Solution File, Format Version 12.00
# Visual Studio Version 16
VisualStudioVersion = 16.0.31911.196
MinimumVisualStudioVersion = 10.0.40219.1
Project("{FAE04EC0-301F-11D3-BF4B-00C04F79EFBC}") = "QLBH", "QLBH\QLBH.csproj", "{56CF3FB0-00CC-4743-9B32-6907A35A0621}"
EndProject
Global
	GlobalSection(SolutionConfigurationPlatforms) = preSolution
		Debug|Any CPU = Debug|Any CPU
		Release|Any CPU = Release|Any CPU
	EndGlobalSection
	GlobalSection(ProjectConfigurationPlatforms) = postSolution
		{56CF3FB0-00CC-4743-9B32-6907A35A0621}.Debug|Any CPU.ActiveCfg = Debug|Any CPU
		{56CF3FB0-00CC-4743-9B32-6907A35A0621}.Debug|Any CPU.Build.0 = Debug|Any CPU
		{56CF3FB0-00CC-4743-9B32-6907A35A0621}.Release|Any CPU.ActiveCfg = Release|Any CPU
		{56CF3FB0-00CC-4743-9B32-6907A35A0621}.Release|Any CPU.Build.0 = Release|Any CPU
	EndGlobalSection
	GlobalSection(SolutionProperties) = preSolution
		HideSolutionNode = FALSE
	EndGlobalSection
	GlobalSection(ExtensibilityGlobals) = postSolution
		SolutionGuid = {421FDF96-8E33-4045-9846-FE78B678DD1A}
	EndGlobalSection
EndGlobal
